// !$*UTF8*$!
{
	archiveVersion = 1;
	classes = {
	};
	objectVersion = 50;
	objects = {

/* Begin PBXBuildFile section */
		FBE0695B220B8B92001B1117 /* AppDelegate.swift in Sources */ = {isa = PBXBuildFile; fileRef = FBE0695A220B8B92001B1117 /* AppDelegate.swift */; };
		FBE0695D220B8B92001B1117 /* ViewController.swift in Sources */ = {isa = PBXBuildFile; fileRef = FBE0695C220B8B92001B1117 /* ViewController.swift */; };
		FBE06960220B8B92001B1117 /* Main.storyboard in Resources */ = {isa = PBXBuildFile; fileRef = FBE0695E220B8B92001B1117 /* Main.storyboard */; };
		FBE06963220B8B92001B1117 /* CoreDataTemp.xcdatamodeld in Sources */ = {isa = PBXBuildFile; fileRef = FBE06961220B8B92001B1117 /* CoreDataTemp.xcdatamodeld */; };
		FBE06965220B8B93001B1117 /* Assets.xcassets in Resources */ = {isa = PBXBuildFile; fileRef = FBE06964220B8B93001B1117 /* Assets.xcassets */; };
		FBE06968220B8B93001B1117 /* LaunchScreen.storyboard in Resources */ = {isa = PBXBuildFile; fileRef = FBE06966220B8B93001B1117 /* LaunchScreen.storyboard */; };
/* End PBXBuildFile section */

/* Begin PBXFileReference section */
		FBE06957220B8B92001B1117 /* CoreDataTemp.app */ = {isa = PBXFileReference; explicitFileType = wrapper.application; includeInIndex = 0; path = CoreDataTemp.app; sourceTree = BUILT_PRODUCTS_DIR; };
		FBE0695A220B8B92001B1117 /* AppDelegate.swift */ = {isa = PBXFileReference; lastKnownFileType = sourcecode.swift; path = AppDelegate.swift; sourceTree = "<group>"; };
		FBE0695C220B8B92001B1117 /* ViewController.swift */ = {isa = PBXFileReference; lastKnownFileType = sourcecode.swift; path = ViewController.swift; sourceTree = "<group>"; };
		FBE0695F220B8B92001B1117 /* Base */ = {isa = PBXFileReference; lastKnownFileType = file.storyboard; name = Base; path = Base.lproj/Main.storyboard; sourceTree = "<group>"; };
		FBE06962220B8B92001B1117 /* CoreDataTemp.xcdatamodel */ = {isa = PBXFileReference; lastKnownFileType = wrapper.xcdatamodel; path = CoreDataTemp.xcdatamodel; sourceTree = "<group>"; };
		FBE06964220B8B93001B1117 /* Assets.xcassets */ = {isa = PBXFileReference; lastKnownFileType = folder.assetcatalog; path = Assets.xcassets; sourceTree = "<group>"; };
		FBE06967220B8B93001B1117 /* Base */ = {isa = PBXFileReference; lastKnownFileType = file.storyboard; name = Base; path = Base.lproj/LaunchScreen.storyboard; sourceTree = "<group>"; };
		FBE06969220B8B93001B1117 /* Info.plist */ = {isa = PBXFileReference; lastKnownFileType = text.plist.xml; path = Info.plist; sourceTree = "<group>"; };
/* End PBXFileReference section */

/* Begin PBXFrameworksBuildPhase section */
		FBE06954220B8B92001B1117 /* Frameworks */ = {
			isa = PBXFrameworksBuildPhase;
			buildActionMask = 2147483647;
			files = (
			);
			runOnlyForDeploymentPostprocessing = 0;
		};
/* End PBXFrameworksBuildPhase section */

/* Begin PBXGroup section */
		FBE0694E220B8B92001B1117 = {
			isa = PBXGroup;
			children = (
				FBE06959220B8B92001B1117 /* CoreDataTemp */,
				FBE06958220B8B92001B1117 /* Products */,
			);
			sourceTree = "<group>";
		};
		FBE06958220B8B92001B1117 /* Products */ = {
			isa = PBXGroup;
			children = (
				FBE06957220B8B92001B1117 /* CoreDataTemp.app */,
			);
			name = Products;
			sourceTree = "<group>";
		};
		FBE06959220B8B92001B1117 /* CoreDataTemp */ = {
			isa = PBXGroup;
			children = (
				FBE0695A220B8B92001B1117 /* AppDelegate.swift */,
				FBE0695C220B8B92001B1117 /* ViewController.swift */,
				FBE0695E220B8B92001B1117 /* Main.storyboard */,
				FBE06964220B8B93001B1117 /* Assets.xcassets */,
				FBE06966220B8B93001B1117 /* LaunchScreen.storyboard */,
				FBE06969220B8B93001B1117 /* Info.plist */,
				FBE06961220B8B92001B1117 /* CoreDataTemp.xcdatamodeld */,
			);
			path = CoreDataTemp;
			sourceTree = "<group>";
		};
/* End PBXGroup section */

/* Begin PBXNativeTarget section */
		FBE06956220B8B92001B1117 /* CoreDataTemp */ = {
			isa = PBXNativeTarget;
			buildConfigurationList = FBE0696C220B8B93001B1117 /* Build configuration list for PBXNativeTarget "CoreDataTemp" */;
			buildPhases = (
				FBE06953220B8B92001B1117 /* Sources */,
				FBE06954220B8B92001B1117 /* Frameworks */,
				FBE06955220B8B92001B1117 /* Resources */,
			);
			buildRules = (
			);
			dependencies = (
			);
			name = CoreDataTemp;
			productName = CoreDataTemp;
			productReference = FBE06957220B8B92001B1117 /* CoreDataTemp.app */;
			productType = "com.apple.product-type.application";
		};
/* End PBXNativeTarget section */

/* Begin PBXProject section */
		FBE0694F220B8B92001B1117 /* Project object */ = {
			isa = PBXProject;
			attributes = {
				LastSwiftUpdateCheck = 1010;
				LastUpgradeCheck = 1010;
				ORGANIZATIONNAME = "Michail Bondarenko";
				TargetAttributes = {
					FBE06956220B8B92001B1117 = {
						CreatedOnToolsVersion = 10.1;
					};
				};
			};
			buildConfigurationList = FBE06952220B8B92001B1117 /* Build configuration list for PBXProject "CoreDataTemp" */;
			compatibilityVersion = "Xcode 9.3";
			developmentRegion = en;
			hasScannedForEncodings = 0;
			knownRegions = (
				en,
				Base,
			);
			mainGroup = FBE0694E220B8B92001B1117;
			productRefGroup = FBE06958220B8B92001B1117 /* Products */;
			projectDirPath = "";
			projectRoot = "";
			targets = (
				FBE06956220B8B92001B1117 /* CoreDataTemp */,
			);
		};
/* End PBXProject section */

/* Begin PBXResourcesBuildPhase section */
		FBE06955220B8B92001B1117 /* Resources */ = {
			isa = PBXResourcesBuildPhase;
			buildActionMask = 2147483647;
			files = (
				FBE06968220B8B93001B1117 /* LaunchScreen.storyboard in Resources */,
				FBE06965220B8B93001B1117 /* Assets.xcassets in Resources */,
				FBE06960220B8B92001B1117 /* Main.storyboard in Resources */,
			);
			runOnlyForDeploymentPostprocessing = 0;
		};
/* End PBXResourcesBuildPhase section */

/* Begin PBXSourcesBuildPhase section */
		FBE06953220B8B92001B1117 /* Sources */ = {
			isa = PBXSourcesBuildPhase;
			buildActionMask = 2147483647;
			files = (
				FBE06963220B8B92001B1117 /* CoreDataTemp.xcdatamodeld in Sources */,
				FBE0695D220B8B92001B1117 /* ViewController.swift in Sources */,
				FBE0695B220B8B92001B1117 /* AppDelegate.swift in Sources */,
			);
			runOnlyForDeploymentPostprocessing = 0;
		};
/* End PBXSourcesBuildPhase section */

/* Begin PBXVariantGroup section */
		FBE0695E220B8B92001B1117 /* Main.storyboard */ = {
			isa = PBXVariantGroup;
			children = (
				FBE0695F220B8B92001B1117 /* Base */,
			);
			name = Main.storyboard;
			sourceTree = "<group>";
		};
		FBE06966220B8B93001B1117 /* LaunchScreen.storyboard */ = {
			isa = PBXVariantGroup;
			children = (
				FBE06967220B8B93001B1117 /* Base */,
			);
			name = LaunchScreen.storyboard;
			sourceTree = "<group>";
		};
/* End PBXVariantGroup section */

/* Begin XCBuildConfiguration section */
		FBE0696A220B8B93001B1117 /* Debug */ = {
			isa = XCBuildConfiguration;
			buildSettings = {
				ALWAYS_SEARCH_USER_PATHS = NO;
				CLANG_ANALYZER_NONNULL = YES;
				CLANG_ANALYZER_NUMBER_OBJECT_CONVERSION = YES_AGGRESSIVE;
				CLANG_CXX_LANGUAGE_STANDARD = "gnu++14";
				CLANG_CXX_LIBRARY = "libc++";
				CLANG_ENABLE_MODULES = YES;
				CLANG_ENABLE_OBJC_ARC = YES;
				CLANG_ENABLE_OBJC_WEAK = YES;
				CLANG_WARN_BLOCK_CAPTURE_AUTORELEASING = YES;
				CLANG_WARN_BOOL_CONVERSION = YES;
				CLANG_WARN_COMMA = YES;
				CLANG_WARN_CONSTANT_CONVERSION = YES;
				CLANG_WARN_DEPRECATED_OBJC_IMPLEMENTATIONS = YES;
				CLANG_WARN_DIRECT_OBJC_ISA_USAGE = YES_ERROR;
				CLANG_WARN_DOCUMENTATION_COMMENTS = YES;
				CLANG_WARN_EMPTY_BODY = YES;
				CLANG_WARN_ENUM_CONVERSION = YES;
				CLANG_WARN_INFINITE_RECURSION = YES;
				CLANG_WARN_INT_CONVERSION = YES;
				CLANG_WARN_NON_LITERAL_NULL_CONVERSION = YES;
				CLANG_WARN_OBJC_IMPLICIT_RETAIN_SELF = YES;
				CLANG_WARN_OBJC_LITERAL_CONVERSION = YES;
				CLANG_WARN_OBJC_ROOT_CLASS = YES_ERROR;
				CLANG_WARN_RANGE_LOOP_ANALYSIS = YES;
				CLANG_WARN_STRICT_PROTOTYPES = YES;
				CLANG_WARN_SUSPICIOUS_MOVE = YES;
				CLANG_WARN_UNGUARDED_AVAILABILITY = YES_AGGRESSIVE;
				CLANG_WARN_UNREACHABLE_CODE = YES;
				CLANG_WARN__DUPLICATE_METHOD_MATCH = YES;
				CODE_SIGN_IDENTITY = "iPhone Developer";
				COPY_PHASE_STRIP = NO;
				DEBUG_INFORMATION_FORMAT = dwarf;
				ENABLE_STRICT_OBJC_MSGSEND = YES;
				ENABLE_TESTABILITY = YES;
				GCC_C_LANGUAGE_STANDARD = gnu11;
				GCC_DYNAMIC_NO_PIC = NO;
				GCC_NO_COMMON_BLOCKS = YES;
				GCC_OPTIMIZATION_LEVEL = 0;
				GCC_PREPROCESSOR_DEFINITIONS = (
					"DEBUG=1",
					"$(inherited)",
				);
				GCC_WARN_64_TO_32_BIT_CONVERSION = YES;
				GCC_WARN_ABOUT_RETURN_TYPE = YES_ERROR;
				GCC_WARN_UNDECLARED_SELECTOR = YES;
				GCC_WARN_UNINITIALIZED_AUTOS = YES_AGGRESSIVE;
				GCC_WARN_UNUSED_FUNCTION = YES;
				GCC_WARN_UNUSED_VARIABLE = YES;
				IPHONEOS_DEPLOYMENT_TARGET = 12.1;
				MTL_ENABLE_DEBUG_INFO = INCLUDE_SOURCE;
				MTL_FAST_MATH = YES;
				ONLY_ACTIVE_ARCH = YES;
				SDKROOT = iphoneos;
				SWIFT_ACTIVE_COMPILATION_CONDITIONS = DEBUG;
				SWIFT_OPTIMIZATION_LEVEL = "-Onone";
			};
			name = Debug;
		};
		FBE0696B220B8B93001B1117 /* Release */ = {
			isa = XCBuildConfiguration;
			buildSettings = {
				ALWAYS_SEARCH_USER_PATHS = NO;
				CLANG_ANALYZER_NONNULL = YES;
				CLANG_ANALYZER_NUMBER_OBJECT_CONVERSION = YES_AGGRESSIVE;
				CLANG_CXX_LANGUAGE_STANDARD = "gnu++14";
				CLANG_CXX_LIBRARY = "libc++";
				CLANG_ENABLE_MODULES = YES;
				CLANG_ENABLE_OBJC_ARC = YES;
				CLANG_ENABLE_OBJC_WEAK = YES;
				CLANG_WARN_BLOCK_CAPTURE_AUTORELEASING = YES;
				CLANG_WARN_BOOL_CONVERSION = YES;
				CLANG_WARN_COMMA = YES;
				CLANG_WARN_CONSTANT_CONVERSION = YES;
				CLANG_WARN_DEPRECATED_OBJC_IMPLEMENTATIONS = YES;
				CLANG_WARN_DIRECT_OBJC_ISA_USAGE = YES_ERROR;
				CLANG_WARN_DOCUMENTATION_COMMENTS = YES;
				CLANG_WARN_EMPTY_BODY = YES;
				CLANG_WARN_ENUM_CONVERSION = YES;
				CLANG_WARN_INFINITE_RECURSION = YES;
				CLANG_WARN_INT_CONVERSION = YES;
				CLANG_WARN_NON_LITERAL_NULL_CONVERSION = YES;
				CLANG_WARN_OBJC_IMPLICIT_RETAIN_SELF = YES;
				CLANG_WARN_OBJC_LITERAL_CONVERSION = YES;
				CLANG_WARN_OBJC_ROOT_CLASS = YES_ERROR;
				CLANG_WARN_RANGE_LOOP_ANALYSIS = YES;
				CLANG_WARN_STRICT_PROTOTYPES = YES;
				CLANG_WARN_SUSPICIOUS_MOVE = YES;
				CLANG_WARN_UNGUARDED_AVAILABILITY = YES_AGGRESSIVE;
				CLANG_WARN_UNREACHABLE_CODE = YES;
				CLANG_WARN__DUPLICATE_METHOD_MATCH = YES;
				CODE_SIGN_IDENTITY = "iPhone Developer";
				COPY_PHASE_STRIP = NO;
				DEBUG_INFORMATION_FORMAT = "dwarf-with-dsym";
				ENABLE_NS_ASSERTIONS = NO;
				ENABLE_STRICT_OBJC_MSGSEND = YES;
				GCC_C_LANGUAGE_STANDARD = gnu11;
				GCC_NO_COMMON_BLOCKS = YES;
				GCC_WARN_64_TO_32_BIT_CONVERSION = YES;
				GCC_WARN_ABOUT_RETURN_TYPE = YES_ERROR;
				GCC_WARN_UNDECLARED_SELECTOR = YES;
				GCC_WARN_UNINITIALIZED_AUTOS = YES_AGGRESSIVE;
				GCC_WARN_UNUSED_FUNCTION = YES;
				GCC_WARN_UNUSED_VARIABLE = YES;
				IPHONEOS_DEPLOYMENT_TARGET = 12.1;
				MTL_ENABLE_DEBUG_INFO = NO;
				MTL_FAST_MATH = YES;
				SDKROOT = iphoneos;
				SWIFT_COMPILATION_MODE = wholemodule;
				SWIFT_OPTIMIZATION_LEVEL = "-O";
				VALIDATE_PRODUCT = YES;
			};
			name = Release;
		};
		FBE0696D220B8B93001B1117 /* Debug */ = {
			isa = XCBuildConfiguration;
			buildSettings = {
				ASSETCATALOG_COMPILER_APPICON_NAME = AppIcon;
				CODE_SIGN_STYLE = Automatic;
				DEVELOPMENT_TEAM = GYWWW55376;
				INFOPLIST_FILE = CoreDataTemp/Info.plist;
				LD_RUNPATH_SEARCH_PATHS = (
					"$(inherited)",
					"@executable_path/Frameworks",
				);
				PRODUCT_BUNDLE_IDENTIFIER = com.mcmikius.CoreDataTemp;
				PRODUCT_NAME = "$(TARGET_NAME)";
				SWIFT_VERSION = 4.2;
				TARGETED_DEVICE_FAMILY = "1,2";
			};
			name = Debug;
		};
		FBE0696E220B8B93001B1117 /* Release */ = {
			isa = XCBuildConfiguration;
			buildSettings = {
				ASSETCATALOG_COMPILER_APPICON_NAME = AppIcon;
				CODE_SIGN_STYLE = Automatic;
				DEVELOPMENT_TEAM = GYWWW55376;
				INFOPLIST_FILE = CoreDataTemp/Info.plist;
				LD_RUNPATH_SEARCH_PATHS = (
					"$(inherited)",
					"@executable_path/Frameworks",
				);
				PRODUCT_BUNDLE_IDENTIFIER = com.mcmikius.CoreDataTemp;
				PRODUCT_NAME = "$(TARGET_NAME)";
				SWIFT_VERSION = 4.2;
				TARGETED_DEVICE_FAMILY = "1,2";
			};
			name = Release;
		};
/* End XCBuildConfiguration section */

/* Begin XCConfigurationList section */
		FBE06952220B8B92001B1117 /* Build configuration list for PBXProject "CoreDataTemp" */ = {
			isa = XCConfigurationList;
			buildConfigurations = (
				FBE0696A220B8B93001B1117 /* Debug */,
				FBE0696B220B8B93001B1117 /* Release */,
			);
			defaultConfigurationIsVisible = 0;
			defaultConfigurationName = Release;
		};
		FBE0696C220B8B93001B1117 /* Build configuration list for PBXNativeTarget "CoreDataTemp" */ = {
			isa = XCConfigurationList;
			buildConfigurations = (
				FBE0696D220B8B93001B1117 /* Debug */,
				FBE0696E220B8B93001B1117 /* Release */,
			);
			defaultConfigurationIsVisible = 0;
			defaultConfigurationName = Release;
		};
/* End XCConfigurationList section */

/* Begin XCVersionGroup section */
		FBE06961220B8B92001B1117 /* CoreDataTemp.xcdatamodeld */ = {
			isa = XCVersionGroup;
			children = (
				FBE06962220B8B92001B1117 /* CoreDataTemp.xcdatamodel */,
			);
			currentVersion = FBE06962220B8B92001B1117 /* CoreDataTemp.xcdatamodel */;
			path = CoreDataTemp.xcdatamodeld;
			sourceTree = "<group>";
			versionGroupType = wrapper.xcdatamodel;
		};
/* End XCVersionGroup section */
	};
	rootObject = FBE0694F220B8B92001B1117 /* Project object */;
}
